
Microsoft Visual Studio Solution File, Format Version 12.00
# Visual Studio Version 16
VisualStudioVersion = 16.0.31313.79
MinimumVisualStudioVersion = 10.0.40219.1
Project("{9A19103F-16F7-4668-BE54-9A1E7A4F7556}") = "LacosteC868Task", "LacosteC868Task\LacosteC868Task.csproj", "{1592366B-C95E-4F83-8B28-7CF2FFB3702B}"
EndProject
Project("{FAE04EC0-301F-11D3-BF4B-00C04F79EFBC}") = "TestProject", "TestProject\TestProject.csproj", "{D3950304-F1D6-48F7-9E88-59AF6A3527A4}"
EndProject
Global
	GlobalSection(SolutionConfigurationPlatforms) = preSolution
		Debug|Any CPU = Debug|Any CPU
		Release|Any CPU = Release|Any CPU
	EndGlobalSection
	GlobalSection(ProjectConfigurationPlatforms) = postSolution
		{1592366B-C95E-4F83-8B28-7CF2FFB3702B}.Debug|Any CPU.ActiveCfg = Debug|Any CPU
		{1592366B-C95E-4F83-8B28-7CF2FFB3702B}.Debug|Any CPU.Build.0 = Debug|Any CPU
		{1592366B-C95E-4F83-8B28-7CF2FFB3702B}.Release|Any CPU.ActiveCfg = Release|Any CPU
		{1592366B-C95E-4F83-8B28-7CF2FFB3702B}.Release|Any CPU.Build.0 = Release|Any CPU
		{D3950304-F1D6-48F7-9E88-59AF6A3527A4}.Debug|Any CPU.ActiveCfg = Debug|Any CPU
		{D3950304-F1D6-48F7-9E88-59AF6A3527A4}.Debug|Any CPU.Build.0 = Debug|Any CPU
		{D3950304-F1D6-48F7-9E88-59AF6A3527A4}.Release|Any CPU.ActiveCfg = Release|Any CPU
		{D3950304-F1D6-48F7-9E88-59AF6A3527A4}.Release|Any CPU.Build.0 = Release|Any CPU
	EndGlobalSection
	GlobalSection(SolutionProperties) = preSolution
		HideSolutionNode = FALSE
	EndGlobalSection
	GlobalSection(ExtensibilityGlobals) = postSolution
		SolutionGuid = {C39742B2-FF03-4E8A-865B-21D66DDECC1D}
	EndGlobalSection
EndGlobal
